// !$*UTF8*$!
{
	archiveVersion = 1;
	classes = {
	};
	objectVersion = 46;
	objects = {

/* Begin PBXBuildFile section */
		560CFEE91B63D9100001EB98 /* Darth-vader-breathing.wav in Resources */ = {isa = PBXBuildFile; fileRef = 560CFEE81B63D9100001EB98 /* Darth-vader-breathing.wav */; };
		560CFEEB1B63D9250001EB98 /* darth_vader_sound_license.txt in Resources */ = {isa = PBXBuildFile; fileRef = 560CFEEA1B63D9250001EB98 /* darth_vader_sound_license.txt */; };
		56FD80061B6371D100C2B264 /* AppDelegate.swift in Sources */ = {isa = PBXBuildFile; fileRef = 56FD80051B6371D100C2B264 /* AppDelegate.swift */; };
		56FD80091B6371D100C2B264 /* Pitch_Perfect.xcdatamodeld in Sources */ = {isa = PBXBuildFile; fileRef = 56FD80071B6371D100C2B264 /* Pitch_Perfect.xcdatamodeld */; };
		56FD800B1B6371D100C2B264 /* RecordSoundViewController.swift in Sources */ = {isa = PBXBuildFile; fileRef = 56FD800A1B6371D100C2B264 /* RecordSoundViewController.swift */; };
		56FD800E1B6371D100C2B264 /* Main.storyboard in Resources */ = {isa = PBXBuildFile; fileRef = 56FD800C1B6371D100C2B264 /* Main.storyboard */; };
		56FD80101B6371D100C2B264 /* Images.xcassets in Resources */ = {isa = PBXBuildFile; fileRef = 56FD800F1B6371D100C2B264 /* Images.xcassets */; };
		56FD80131B6371D100C2B264 /* LaunchScreen.xib in Resources */ = {isa = PBXBuildFile; fileRef = 56FD80111B6371D100C2B264 /* LaunchScreen.xib */; };
		56FD801F1B6371D100C2B264 /* Pitch_PerfectTests.swift in Sources */ = {isa = PBXBuildFile; fileRef = 56FD801E1B6371D100C2B264 /* Pitch_PerfectTests.swift */; };
		56FD80291B638C5500C2B264 /* PlaySoundViewController.swift in Sources */ = {isa = PBXBuildFile; fileRef = 56FD80281B638C5500C2B264 /* PlaySoundViewController.swift */; };
		56FD802B1B63900A00C2B264 /* movie_quote.mp3 in Resources */ = {isa = PBXBuildFile; fileRef = 56FD802A1B63900A00C2B264 /* movie_quote.mp3 */; };
		56FD802D1B63A1F000C2B264 /* RecordedAuido.swift in Sources */ = {isa = PBXBuildFile; fileRef = 56FD802C1B63A1F000C2B264 /* RecordedAuido.swift */; };
/* End PBXBuildFile section */

/* Begin PBXContainerItemProxy section */
		56FD80191B6371D100C2B264 /* PBXContainerItemProxy */ = {
			isa = PBXContainerItemProxy;
			containerPortal = 56FD7FF81B6371D100C2B264 /* Project object */;
			proxyType = 1;
			remoteGlobalIDString = 56FD7FFF1B6371D100C2B264;
			remoteInfo = "Pitch Perfect";
		};
/* End PBXContainerItemProxy section */

/* Begin PBXFileReference section */
		560CFEE81B63D9100001EB98 /* Darth-vader-breathing.wav */ = {isa = PBXFileReference; lastKnownFileType = audio.wav; path = "Darth-vader-breathing.wav"; sourceTree = "<group>"; };
		560CFEEA1B63D9250001EB98 /* darth_vader_sound_license.txt */ = {isa = PBXFileReference; fileEncoding = 4; lastKnownFileType = text; path = darth_vader_sound_license.txt; sourceTree = "<group>"; };
		56FD80001B6371D100C2B264 /* Pitch Perfect.app */ = {isa = PBXFileReference; explicitFileType = wrapper.application; includeInIndex = 0; path = "Pitch Perfect.app"; sourceTree = BUILT_PRODUCTS_DIR; };
		56FD80041B6371D100C2B264 /* Info.plist */ = {isa = PBXFileReference; lastKnownFileType = text.plist.xml; path = Info.plist; sourceTree = "<group>"; };
		56FD80051B6371D100C2B264 /* AppDelegate.swift */ = {isa = PBXFileReference; lastKnownFileType = sourcecode.swift; path = AppDelegate.swift; sourceTree = "<group>"; };
		56FD80081B6371D100C2B264 /* Pitch_Perfect.xcdatamodel */ = {isa = PBXFileReference; lastKnownFileType = wrapper.xcdatamodel; path = Pitch_Perfect.xcdatamodel; sourceTree = "<group>"; };
		56FD800A1B6371D100C2B264 /* RecordSoundViewController.swift */ = {isa = PBXFileReference; lastKnownFileType = sourcecode.swift; path = RecordSoundViewController.swift; sourceTree = "<group>"; };
		56FD800D1B6371D100C2B264 /* Base */ = {isa = PBXFileReference; lastKnownFileType = file.storyboard; name = Base; path = Base.lproj/Main.storyboard; sourceTree = "<group>"; };
		56FD800F1B6371D100C2B264 /* Images.xcassets */ = {isa = PBXFileReference; lastKnownFileType = folder.assetcatalog; path = Images.xcassets; sourceTree = "<group>"; };
		56FD80121B6371D100C2B264 /* Base */ = {isa = PBXFileReference; lastKnownFileType = file.xib; name = Base; path = Base.lproj/LaunchScreen.xib; sourceTree = "<group>"; };
		56FD80181B6371D100C2B264 /* Pitch PerfectTests.xctest */ = {isa = PBXFileReference; explicitFileType = wrapper.cfbundle; includeInIndex = 0; path = "Pitch PerfectTests.xctest"; sourceTree = BUILT_PRODUCTS_DIR; };
		56FD801D1B6371D100C2B264 /* Info.plist */ = {isa = PBXFileReference; lastKnownFileType = text.plist.xml; path = Info.plist; sourceTree = "<group>"; };
		56FD801E1B6371D100C2B264 /* Pitch_PerfectTests.swift */ = {isa = PBXFileReference; lastKnownFileType = sourcecode.swift; path = Pitch_PerfectTests.swift; sourceTree = "<group>"; };
		56FD80281B638C5500C2B264 /* PlaySoundViewController.swift */ = {isa = PBXFileReference; fileEncoding = 4; lastKnownFileType = sourcecode.swift; path = PlaySoundViewController.swift; sourceTree = "<group>"; };
		56FD802A1B63900A00C2B264 /* movie_quote.mp3 */ = {isa = PBXFileReference; lastKnownFileType = audio.mp3; path = movie_quote.mp3; sourceTree = "<group>"; };
		56FD802C1B63A1F000C2B264 /* RecordedAuido.swift */ = {isa = PBXFileReference; fileEncoding = 4; lastKnownFileType = sourcecode.swift; path = RecordedAuido.swift; sourceTree = "<group>"; };
/* End PBXFileReference section */

/* Begin PBXFrameworksBuildPhase section */
		56FD7FFD1B6371D100C2B264 /* Frameworks */ = {
			isa = PBXFrameworksBuildPhase;
			buildActionMask = 2147483647;
			files = (
			);
			runOnlyForDeploymentPostprocessing = 0;
		};
		56FD80151B6371D100C2B264 /* Frameworks */ = {
			isa = PBXFrameworksBuildPhase;
			buildActionMask = 2147483647;
			files = (
			);
			runOnlyForDeploymentPostprocessing = 0;
		};
/* End PBXFrameworksBuildPhase section */

/* Begin PBXGroup section */
		56FD7FF71B6371D100C2B264 = {
			isa = PBXGroup;
			children = (
				56FD80021B6371D100C2B264 /* Pitch Perfect */,
				56FD801B1B6371D100C2B264 /* Pitch PerfectTests */,
				56FD80011B6371D100C2B264 /* Products */,
			);
			sourceTree = "<group>";
		};
		56FD80011B6371D100C2B264 /* Products */ = {
			isa = PBXGroup;
			children = (
				56FD80001B6371D100C2B264 /* Pitch Perfect.app */,
				56FD80181B6371D100C2B264 /* Pitch PerfectTests.xctest */,
			);
			name = Products;
			sourceTree = "<group>";
		};
		56FD80021B6371D100C2B264 /* Pitch Perfect */ = {
			isa = PBXGroup;
			children = (
				56FD80051B6371D100C2B264 /* AppDelegate.swift */,
				56FD800A1B6371D100C2B264 /* RecordSoundViewController.swift */,
				56FD802C1B63A1F000C2B264 /* RecordedAuido.swift */,
				56FD800C1B6371D100C2B264 /* Main.storyboard */,
				56FD80281B638C5500C2B264 /* PlaySoundViewController.swift */,
				56FD800F1B6371D100C2B264 /* Images.xcassets */,
				56FD80111B6371D100C2B264 /* LaunchScreen.xib */,
				56FD80071B6371D100C2B264 /* Pitch_Perfect.xcdatamodeld */,
				56FD80031B6371D100C2B264 /* Supporting Files */,
			);
			path = "Pitch Perfect";
			sourceTree = "<group>";
		};
		56FD80031B6371D100C2B264 /* Supporting Files */ = {
			isa = PBXGroup;
			children = (
				560CFEEA1B63D9250001EB98 /* darth_vader_sound_license.txt */,
				560CFEE81B63D9100001EB98 /* Darth-vader-breathing.wav */,
				56FD802A1B63900A00C2B264 /* movie_quote.mp3 */,
				56FD80041B6371D100C2B264 /* Info.plist */,
			);
			name = "Supporting Files";
			sourceTree = "<group>";
		};
		56FD801B1B6371D100C2B264 /* Pitch PerfectTests */ = {
			isa = PBXGroup;
			children = (
				56FD801E1B6371D100C2B264 /* Pitch_PerfectTests.swift */,
				56FD801C1B6371D100C2B264 /* Supporting Files */,
			);
			path = "Pitch PerfectTests";
			sourceTree = "<group>";
		};
		56FD801C1B6371D100C2B264 /* Supporting Files */ = {
			isa = PBXGroup;
			children = (
				56FD801D1B6371D100C2B264 /* Info.plist */,
			);
			name = "Supporting Files";
			sourceTree = "<group>";
		};
/* End PBXGroup section */

/* Begin PBXNativeTarget section */
		56FD7FFF1B6371D100C2B264 /* Pitch Perfect */ = {
			isa = PBXNativeTarget;
			buildConfigurationList = 56FD80221B6371D100C2B264 /* Build configuration list for PBXNativeTarget "Pitch Perfect" */;
			buildPhases = (
				56FD7FFC1B6371D100C2B264 /* Sources */,
				56FD7FFD1B6371D100C2B264 /* Frameworks */,
				56FD7FFE1B6371D100C2B264 /* Resources */,
			);
			buildRules = (
			);
			dependencies = (
			);
			name = "Pitch Perfect";
			productName = "Pitch Perfect";
			productReference = 56FD80001B6371D100C2B264 /* Pitch Perfect.app */;
			productType = "com.apple.product-type.application";
		};
		56FD80171B6371D100C2B264 /* Pitch PerfectTests */ = {
			isa = PBXNativeTarget;
			buildConfigurationList = 56FD80251B6371D100C2B264 /* Build configuration list for PBXNativeTarget "Pitch PerfectTests" */;
			buildPhases = (
				56FD80141B6371D100C2B264 /* Sources */,
				56FD80151B6371D100C2B264 /* Frameworks */,
				56FD80161B6371D100C2B264 /* Resources */,
			);
			buildRules = (
			);
			dependencies = (
				56FD801A1B6371D100C2B264 /* PBXTargetDependency */,
			);
			name = "Pitch PerfectTests";
			productName = "Pitch PerfectTests";
			productReference = 56FD80181B6371D100C2B264 /* Pitch PerfectTests.xctest */;
			productType = "com.apple.product-type.bundle.unit-test";
		};
/* End PBXNativeTarget section */

/* Begin PBXProject section */
		56FD7FF81B6371D100C2B264 /* Project object */ = {
			isa = PBXProject;
			attributes = {
				LastUpgradeCheck = 0640;
				ORGANIZATIONNAME = "Quintin Balsdon";
				TargetAttributes = {
					56FD7FFF1B6371D100C2B264 = {
						CreatedOnToolsVersion = 6.4;
						DevelopmentTeam = GTMDCB3F3C;
						LastSwiftMigration = 0830;
					};
					56FD80171B6371D100C2B264 = {
						CreatedOnToolsVersion = 6.4;
						LastSwiftMigration = 0830;
						TestTargetID = 56FD7FFF1B6371D100C2B264;
					};
				};
			};
			buildConfigurationList = 56FD7FFB1B6371D100C2B264 /* Build configuration list for PBXProject "Pitch Perfect" */;
			compatibilityVersion = "Xcode 3.2";
			developmentRegion = English;
			hasScannedForEncodings = 0;
			knownRegions = (
				en,
				Base,
			);
			mainGroup = 56FD7FF71B6371D100C2B264;
			productRefGroup = 56FD80011B6371D100C2B264 /* Products */;
			projectDirPath = "";
			projectRoot = "";
			targets = (
				56FD7FFF1B6371D100C2B264 /* Pitch Perfect */,
				56FD80171B6371D100C2B264 /* Pitch PerfectTests */,
			);
		};
/* End PBXProject section */

/* Begin PBXResourcesBuildPhase section */
		56FD7FFE1B6371D100C2B264 /* Resources */ = {
			isa = PBXResourcesBuildPhase;
			buildActionMask = 2147483647;
			files = (
				560CFEE91B63D9100001EB98 /* Darth-vader-breathing.wav in Resources */,
				56FD800E1B6371D100C2B264 /* Main.storyboard in Resources */,
				56FD80131B6371D100C2B264 /* LaunchScreen.xib in Resources */,
				56FD802B1B63900A00C2B264 /* movie_quote.mp3 in Resources */,
				56FD80101B6371D100C2B264 /* Images.xcassets in Resources */,
				560CFEEB1B63D9250001EB98 /* darth_vader_sound_license.txt in Resources */,
			);
			runOnlyForDeploymentPostprocessing = 0;
		};
		56FD80161B6371D100C2B264 /* Resources */ = {
			isa = PBXResourcesBuildPhase;
			buildActionMask = 2147483647;
			files = (
			);
			runOnlyForDeploymentPostprocessing = 0;
		};
/* End PBXResourcesBuildPhase section */

/* Begin PBXSourcesBuildPhase section */
		56FD7FFC1B6371D100C2B264 /* Sources */ = {
			isa = PBXSourcesBuildPhase;
			buildActionMask = 2147483647;
			files = (
				56FD800B1B6371D100C2B264 /* RecordSoundViewController.swift in Sources */,
				56FD80091B6371D100C2B264 /* Pitch_Perfect.xcdatamodeld in Sources */,
				56FD80291B638C5500C2B264 /* PlaySoundViewController.swift in Sources */,
				56FD802D1B63A1F000C2B264 /* RecordedAuido.swift in Sources */,
				56FD80061B6371D100C2B264 /* AppDelegate.swift in Sources */,
			);
			runOnlyForDeploymentPostprocessing = 0;
		};
		56FD80141B6371D100C2B264 /* Sources */ = {
			isa = PBXSourcesBuildPhase;
			buildActionMask = 2147483647;
			files = (
				56FD801F1B6371D100C2B264 /* Pitch_PerfectTests.swift in Sources */,
			);
			runOnlyForDeploymentPostprocessing = 0;
		};
/* End PBXSourcesBuildPhase section */

/* Begin PBXTargetDependency section */
		56FD801A1B6371D100C2B264 /* PBXTargetDependency */ = {
			isa = PBXTargetDependency;
			target = 56FD7FFF1B6371D100C2B264 /* Pitch Perfect */;
			targetProxy = 56FD80191B6371D100C2B264 /* PBXContainerItemProxy */;
		};
/* End PBXTargetDependency section */

/* Begin PBXVariantGroup section */
		56FD800C1B6371D100C2B264 /* Main.storyboard */ = {
			isa = PBXVariantGroup;
			children = (
				56FD800D1B6371D100C2B264 /* Base */,
			);
			name = Main.storyboard;
			sourceTree = "<group>";
		};
		56FD80111B6371D100C2B264 /* LaunchScreen.xib */ = {
			isa = PBXVariantGroup;
			children = (
				56FD80121B6371D100C2B264 /* Base */,
			);
			name = LaunchScreen.xib;
			sourceTree = "<group>";
		};
/* End PBXVariantGroup section */

/* Begin XCBuildConfiguration section */
		56FD80201B6371D100C2B264 /* Debug */ = {
			isa = XCBuildConfiguration;
			buildSettings = {
				ALWAYS_SEARCH_USER_PATHS = NO;
				CLANG_CXX_LANGUAGE_STANDARD = "gnu++0x";
				CLANG_CXX_LIBRARY = "libc++";
				CLANG_ENABLE_MODULES = YES;
				CLANG_ENABLE_OBJC_ARC = YES;
				CLANG_WARN_BOOL_CONVERSION = YES;
				CLANG_WARN_CONSTANT_CONVERSION = YES;
				CLANG_WARN_DIRECT_OBJC_ISA_USAGE = YES_ERROR;
				CLANG_WARN_EMPTY_BODY = YES;
				CLANG_WARN_ENUM_CONVERSION = YES;
				CLANG_WARN_INT_CONVERSION = YES;
				CLANG_WARN_OBJC_ROOT_CLASS = YES_ERROR;
				CLANG_WARN_UNREACHABLE_CODE = YES;
				CLANG_WARN__DUPLICATE_METHOD_MATCH = YES;
				"CODE_SIGN_IDENTITY[sdk=iphoneos*]" = "iPhone Developer";
				COPY_PHASE_STRIP = NO;
				DEBUG_INFORMATION_FORMAT = "dwarf-with-dsym";
				ENABLE_STRICT_OBJC_MSGSEND = YES;
				GCC_C_LANGUAGE_STANDARD = gnu99;
				GCC_DYNAMIC_NO_PIC = NO;
				GCC_NO_COMMON_BLOCKS = YES;
				GCC_OPTIMIZATION_LEVEL = 0;
				GCC_PREPROCESSOR_DEFINITIONS = (
					"DEBUG=1",
					"$(inherited)",
				);
				GCC_SYMBOLS_PRIVATE_EXTERN = NO;
				GCC_WARN_64_TO_32_BIT_CONVERSION = YES;
				GCC_WARN_ABOUT_RETURN_TYPE = YES_ERROR;
				GCC_WARN_UNDECLARED_SELECTOR = YES;
				GCC_WARN_UNINITIALIZED_AUTOS = YES_AGGRESSIVE;
				GCC_WARN_UNUSED_FUNCTION = YES;
				GCC_WARN_UNUSED_VARIABLE = YES;
				IPHONEOS_DEPLOYMENT_TARGET = 8.4;
				MTL_ENABLE_DEBUG_INFO = YES;
				ONLY_ACTIVE_ARCH = YES;
				SDKROOT = iphoneos;
				SWIFT_OPTIMIZATION_LEVEL = "-Onone";
			};
			name = Debug;
		};
		56FD80211B6371D100C2B264 /* Release */ = {
			isa = XCBuildConfiguration;
			buildSettings = {
				ALWAYS_SEARCH_USER_PATHS = NO;
				CLANG_CXX_LANGUAGE_STANDARD = "gnu++0x";
				CLANG_CXX_LIBRARY = "libc++";
				CLANG_ENABLE_MODULES = YES;
				CLANG_ENABLE_OBJC_ARC = YES;
				CLANG_WARN_BOOL_CONVERSION = YES;
				CLANG_WARN_CONSTANT_CONVERSION = YES;
				CLANG_WARN_DIRECT_OBJC_ISA_USAGE = YES_ERROR;
				CLANG_WARN_EMPTY_BODY = YES;
				CLANG_WARN_ENUM_CONVERSION = YES;
				CLANG_WARN_INT_CONVERSION = YES;
				CLANG_WARN_OBJC_ROOT_CLASS = YES_ERROR;
				CLANG_WARN_UNREACHABLE_CODE = YES;
				CLANG_WARN__DUPLICATE_METHOD_MATCH = YES;
				"CODE_SIGN_IDENTITY[sdk=iphoneos*]" = "iPhone Developer";
				COPY_PHASE_STRIP = NO;
				DEBUG_INFORMATION_FORMAT = "dwarf-with-dsym";
				ENABLE_NS_ASSERTIONS = NO;
				ENABLE_STRICT_OBJC_MSGSEND = YES;
				GCC_C_LANGUAGE_STANDARD = gnu99;
				GCC_NO_COMMON_BLOCKS = YES;
				GCC_WARN_64_TO_32_BIT_CONVERSION = YES;
				GCC_WARN_ABOUT_RETURN_TYPE = YES_ERROR;
				GCC_WARN_UNDECLARED_SELECTOR = YES;
				GCC_WARN_UNINITIALIZED_AUTOS = YES_AGGRESSIVE;
				GCC_WARN_UNUSED_FUNCTION = YES;
				GCC_WARN_UNUSED_VARIABLE = YES;
				IPHONEOS_DEPLOYMENT_TARGET = 8.4;
				MTL_ENABLE_DEBUG_INFO = NO;
				SDKROOT = iphoneos;
				VALIDATE_PRODUCT = YES;
			};
			name = Release;
		};
		56FD80231B6371D100C2B264 /* Debug */ = {
			isa = XCBuildConfiguration;
			buildSettings = {
				ASSETCATALOG_COMPILER_APPICON_NAME = AppIcon;
				CODE_SIGN_IDENTITY = "iPhone Developer";
				INFOPLIST_FILE = "Pitch Perfect/Info.plist";
				LD_RUNPATH_SEARCH_PATHS = "$(inherited) @executable_path/Frameworks";
				PRODUCT_NAME = "$(TARGET_NAME)";
				SWIFT_VERSION = 3.0;
				TARGETED_DEVICE_FAMILY = 1;
			};
			name = Debug;
		};
		56FD80241B6371D100C2B264 /* Release */ = {
			isa = XCBuildConfiguration;
			buildSettings = {
				ASSETCATALOG_COMPILER_APPICON_NAME = AppIcon;
				CODE_SIGN_IDENTITY = "iPhone Developer";
				INFOPLIST_FILE = "Pitch Perfect/Info.plist";
				LD_RUNPATH_SEARCH_PATHS = "$(inherited) @executable_path/Frameworks";
				PRODUCT_NAME = "$(TARGET_NAME)";
				SWIFT_VERSION = 3.0;
				TARGETED_DEVICE_FAMILY = 1;
			};
			name = Release;
		};
		56FD80261B6371D100C2B264 /* Debug */ = {
			isa = XCBuildConfiguration;
			buildSettings = {
				BUNDLE_LOADER = "$(TEST_HOST)";
				FRAMEWORK_SEARCH_PATHS = (
					"$(SDKROOT)/Developer/Library/Frameworks",
					"$(inherited)",
				);
				GCC_PREPROCESSOR_DEFINITIONS = (
					"DEBUG=1",
					"$(inherited)",
				);
				INFOPLIST_FILE = "Pitch PerfectTests/Info.plist";
				LD_RUNPATH_SEARCH_PATHS = "$(inherited) @executable_path/Frameworks @loader_path/Frameworks";
				PRODUCT_NAME = "$(TARGET_NAME)";
				SWIFT_VERSION = 3.0;
				TEST_HOST = "$(BUILT_PRODUCTS_DIR)/Pitch Perfect.app/Pitch Perfect";
			};
			name = Debug;
		};
		56FD80271B6371D100C2B264 /* Release */ = {
			isa = XCBuildConfiguration;
			buildSettings = {
				BUNDLE_LOADER = "$(TEST_HOST)";
				FRAMEWORK_SEARCH_PATHS = (
					"$(SDKROOT)/Developer/Library/Frameworks",
					"$(inherited)",
				);
				INFOPLIST_FILE = "Pitch PerfectTests/Info.plist";
				LD_RUNPATH_SEARCH_PATHS = "$(inherited) @executable_path/Frameworks @loader_path/Frameworks";
				PRODUCT_NAME = "$(TARGET_NAME)";
				SWIFT_VERSION = 3.0;
				TEST_HOST = "$(BUILT_PRODUCTS_DIR)/Pitch Perfect.app/Pitch Perfect";
			};
			name = Release;
		};
/* End XCBuildConfiguration section */

/* Begin XCConfigurationList section */
		56FD7FFB1B6371D100C2B264 /* Build configuration list for PBXProject "Pitch Perfect" */ = {
			isa = XCConfigurationList;
			buildConfigurations = (
				56FD80201B6371D100C2B264 /* Debug */,
				56FD80211B6371D100C2B264 /* Release */,
			);
			defaultConfigurationIsVisible = 0;
			defaultConfigurationName = Release;
		};
		56FD80221B6371D100C2B264 /* Build configuration list for PBXNativeTarget "Pitch Perfect" */ = {
			isa = XCConfigurationList;
			buildConfigurations = (
				56FD80231B6371D100C2B264 /* Debug */,
				56FD80241B6371D100C2B264 /* Release */,
			);
			defaultConfigurationIsVisible = 0;
			defaultConfigurationName = Release;
		};
		56FD80251B6371D100C2B264 /* Build configuration list for PBXNativeTarget "Pitch PerfectTests" */ = {
			isa = XCConfigurationList;
			buildConfigurations = (
				56FD80261B6371D100C2B264 /* Debug */,
				56FD80271B6371D100C2B264 /* Release */,
			);
			defaultConfigurationIsVisible = 0;
			defaultConfigurationName = Release;
		};
/* End XCConfigurationList section */

/* Begin XCVersionGroup section */
		56FD80071B6371D100C2B264 /* Pitch_Perfect.xcdatamodeld */ = {
			isa = XCVersionGroup;
			children = (
				56FD80081B6371D100C2B264 /* Pitch_Perfect.xcdatamodel */,
			);
			currentVersion = 56FD80081B6371D100C2B264 /* Pitch_Perfect.xcdatamodel */;
			path = Pitch_Perfect.xcdatamodeld;
			sourceTree = "<group>";
			versionGroupType = wrapper.xcdatamodel;
		};
/* End XCVersionGroup section */
	};
	rootObject = 56FD7FF81B6371D100C2B264 /* Project object */;
}
